
Microsoft Visual Studio Solution File, Format Version 12.00
# Visual Studio Version 17
VisualStudioVersion = 17.13.35806.99 d17.13
MinimumVisualStudioVersion = 10.0.40219.1
Project("{FAE04EC0-301F-11D3-BF4B-00C04F79EFBC}") = "NBRB_WPF_App", "NBRB_WPF_App.csproj", "{A18C97DA-89A9-4085-B03E-0FD050D1C315}"
EndProject
Global
	GlobalSection(SolutionConfigurationPlatforms) = preSolution
		Debug|Any CPU = Debug|Any CPU
		Release|Any CPU = Release|Any CPU
	EndGlobalSection
	GlobalSection(ProjectConfigurationPlatforms) = postSolution
		{A18C97DA-89A9-4085-B03E-0FD050D1C315}.Debug|Any CPU.ActiveCfg = Debug|Any CPU
		{A18C97DA-89A9-4085-B03E-0FD050D1C315}.Debug|Any CPU.Build.0 = Debug|Any CPU
		{A18C97DA-89A9-4085-B03E-0FD050D1C315}.Release|Any CPU.ActiveCfg = Release|Any CPU
		{A18C97DA-89A9-4085-B03E-0FD050D1C315}.Release|Any CPU.Build.0 = Release|Any CPU
	EndGlobalSection
	GlobalSection(SolutionProperties) = preSolution
		HideSolutionNode = FALSE
	EndGlobalSection
	GlobalSection(ExtensibilityGlobals) = postSolution
		SolutionGuid = {D85E4240-3DE2-47CE-8603-E12D88E0B654}
	EndGlobalSection
EndGlobal
